PODS:
  - Alamofire (4.7.3)
  - Crashlytics (3.11.1):
    - Fabric (~> 1.8.1)
  - Fabric (1.8.2)

DEPENDENCIES:
  - Alamofire (~> 4.7)
  - Crashlytics (~> 3.10)

SPEC REPOS:
  https://github.com/cocoapods/specs.git:
    - Alamofire
    - Crashlytics
    - Fabric

SPEC CHECKSUMS:
  Alamofire: c7287b6e5d7da964a70935e5db17046b7fde6568
  Crashlytics: ca7ab4bc304aa216bdc2e4c1a96389ee77252203
  Fabric: d2b22f443ba195d8a7cc204da230977c72733b40

PODFILE CHECKSUM: 1033797b432a8ba93f2affaf657b2ae2fb3dcf7f

COCOAPODS: 1.5.3
